
Microsoft Visual Studio Solution File, Format Version 12.00
# Visual Studio Version 17
VisualStudioVersion = 17.0.31710.8
MinimumVisualStudioVersion = 10.0.40219.1
Project("{2150E333-8FDC-42A3-9474-1A3956D46DE8}") = "Presentation", "Presentation", "{45FB9259-0362-49CB-BC16-8D9A8562AE4B}"
EndProject
Project("{2150E333-8FDC-42A3-9474-1A3956D46DE8}") = "Application", "Application", "{DE9F4ECE-5977-4682-88C6-1FEF28EC6EF8}"
EndProject
Project("{2150E333-8FDC-42A3-9474-1A3956D46DE8}") = "Domain", "Domain", "{B4B5C395-04C2-41F1-BDE7-AD6898BF1B4F}"
EndProject
Project("{2150E333-8FDC-42A3-9474-1A3956D46DE8}") = "Infrastructure", "Infrastructure", "{C1CAD481-CF2F-4BEC-B8F8-B453B9A7CFFB}"
EndProject
Project("{FAE04EC0-301F-11D3-BF4B-00C04F79EFBC}") = "Eiromplays.IdentityServer.Identity", "src\Infrastructure\Eiromplays.IdentityServer.Identity\Eiromplays.IdentityServer.Identity.csproj", "{289CCF0C-BCA2-40A5-A94A-ECAD96A60E92}"
EndProject
Global
	GlobalSection(SolutionConfigurationPlatforms) = preSolution
		Debug|Any CPU = Debug|Any CPU
		Release|Any CPU = Release|Any CPU
	EndGlobalSection
	GlobalSection(ProjectConfigurationPlatforms) = postSolution
		{289CCF0C-BCA2-40A5-A94A-ECAD96A60E92}.Debug|Any CPU.ActiveCfg = Debug|Any CPU
		{289CCF0C-BCA2-40A5-A94A-ECAD96A60E92}.Debug|Any CPU.Build.0 = Debug|Any CPU
		{289CCF0C-BCA2-40A5-A94A-ECAD96A60E92}.Release|Any CPU.ActiveCfg = Release|Any CPU
		{289CCF0C-BCA2-40A5-A94A-ECAD96A60E92}.Release|Any CPU.Build.0 = Release|Any CPU
	EndGlobalSection
	GlobalSection(SolutionProperties) = preSolution
		HideSolutionNode = FALSE
	EndGlobalSection
	GlobalSection(NestedProjects) = preSolution
		{289CCF0C-BCA2-40A5-A94A-ECAD96A60E92} = {C1CAD481-CF2F-4BEC-B8F8-B453B9A7CFFB}
	EndGlobalSection
	GlobalSection(ExtensibilityGlobals) = postSolution
		SolutionGuid = {E8BF1AF7-AD5B-4C7F-A1F6-8C6FA17ADCC6}
	EndGlobalSection
EndGlobal
