
Microsoft Visual Studio Solution File, Format Version 12.00
# Visual Studio Version 17
VisualStudioVersion = 17.0.31710.8
MinimumVisualStudioVersion = 10.0.40219.1
Project("{2150E333-8FDC-42A3-9474-1A3956D46DE8}") = "Presentation", "Presentation", "{45FB9259-0362-49CB-BC16-8D9A8562AE4B}"
EndProject
Project("{2150E333-8FDC-42A3-9474-1A3956D46DE8}") = "Application", "Application", "{DE9F4ECE-5977-4682-88C6-1FEF28EC6EF8}"
EndProject
Project("{2150E333-8FDC-42A3-9474-1A3956D46DE8}") = "Domain", "Domain", "{B4B5C395-04C2-41F1-BDE7-AD6898BF1B4F}"
EndProject
Project("{2150E333-8FDC-42A3-9474-1A3956D46DE8}") = "Infrastructure", "Infrastructure", "{C1CAD481-CF2F-4BEC-B8F8-B453B9A7CFFB}"
EndProject
Project("{9A19103F-16F7-4668-BE54-9A1E7A4F7556}") = "Eiromplays.IdentityServer.Domain", "src\Domain\Eiromplays.IdentityServer.Domain\Eiromplays.IdentityServer.Domain.csproj", "{C54D0345-8347-4C0F-868E-3F1B7D89B8FA}"
EndProject
Project("{9A19103F-16F7-4668-BE54-9A1E7A4F7556}") = "Eiromplays.IdentityServer.Application", "src\Application\Eiromplays.IdentityServer.Application\Eiromplays.IdentityServer.Application.csproj", "{C3A6E0A2-2D5E-4204-BF02-1FBD5D6658CB}"
EndProject
Project("{9A19103F-16F7-4668-BE54-9A1E7A4F7556}") = "Eiromplays.IdentityServer.Infrastructure", "src\Infrastructure\Eiromplays.IdentityServer.Infrastructure\Eiromplays.IdentityServer.Infrastructure.csproj", "{32CF0F31-5475-4B00-BAFA-12C3E3174FD0}"
EndProject
Project("{9A19103F-16F7-4668-BE54-9A1E7A4F7556}") = "Eiromplays.IdentityServer", "src\Presentation\Eiromplays.IdentityServer\Eiromplays.IdentityServer.csproj", "{46365E16-DD8C-4799-96A2-026AF9223A8A}"
EndProject
Project("{9A19103F-16F7-4668-BE54-9A1E7A4F7556}") = "Eiromplays.IdentityServer.WebUI", "src\Presentation\Eiromplays.IdentityServer.WebUI\Eiromplays.IdentityServer.WebUI.csproj", "{AED3A54B-ACD2-4316-9DBA-10B5A8F50E49}"
EndProject
Project("{FAE04EC0-301F-11D3-BF4B-00C04F79EFBC}") = "Eiromplays.IdentityServer.API", "src\Presentation\Eiromplays.IdentityServer.API\Eiromplays.IdentityServer.API.csproj", "{8EC56918-830E-434F-B0BE-B24C0AEF1555}"
EndProject
Project("{2150E333-8FDC-42A3-9474-1A3956D46DE8}") = "Database Providers", "Database Providers", "{807FB058-C41D-4C72-A0FA-195DEE989709}"
EndProject
Project("{FAE04EC0-301F-11D3-BF4B-00C04F79EFBC}") = "Eiromplays.IdentityServer.Infrastructure.MySql", "src\Infrastructure\Eiromplays.IdentityServer.Infrastructure.MySql\Eiromplays.IdentityServer.Infrastructure.MySql.csproj", "{87725467-AAAC-4C9B-819F-8BB8B926452F}"
EndProject
Project("{FAE04EC0-301F-11D3-BF4B-00C04F79EFBC}") = "Eiromplays.IdentityServer.Infrastructure.PostgreSql", "src\Infrastructure\Eiromplays.IdentityServer.Infrastructure.PostgreSql\Eiromplays.IdentityServer.Infrastructure.PostgreSql.csproj", "{DFC0EFF0-3F69-4C1F-9794-7CE3D7F2600C}"
EndProject
Project("{FAE04EC0-301F-11D3-BF4B-00C04F79EFBC}") = "Eiromplays.IdentityServer.Infrastructure.Sqlite", "src\Infrastructure\Eiromplays.IdentityServer.Infrastructure.Sqlite\Eiromplays.IdentityServer.Infrastructure.Sqlite.csproj", "{55981B15-84EE-45EC-9B7C-9512A4785544}"
EndProject
Project("{FAE04EC0-301F-11D3-BF4B-00C04F79EFBC}") = "Eiromplays.IdentityServer.Infrastructure.SqlServer", "src\Infrastructure\Eiromplays.IdentityServer.Infrastructure.SqlServer\Eiromplays.IdentityServer.Infrastructure.SqlServer.csproj", "{24FCE9A2-4826-4FE8-8525-4AE62A34D622}"
EndProject
Project("{FAE04EC0-301F-11D3-BF4B-00C04F79EFBC}") = "Eiromplays.IdentityServer.Infrastructure.BFF", "src\Infrastructure\Eiromplays.IdentityServer.Infrastructure.BFF\Eiromplays.IdentityServer.Infrastructure.BFF.csproj", "{0349FC33-4735-4B0A-88A4-945526676A7B}"
EndProject
Project("{FAE04EC0-301F-11D3-BF4B-00C04F79EFBC}") = "Eiromplays.IdentityServer.Admin.WebUI", "src\Presentation\Eiromplays.IdentityServer.Admin.WebUI\Eiromplays.IdentityServer.Admin.WebUI.csproj", "{A5F652CE-385E-4454-AF04-A82D6E511255}"
EndProject
Global
	GlobalSection(SolutionConfigurationPlatforms) = preSolution
		Debug|Any CPU = Debug|Any CPU
		Release|Any CPU = Release|Any CPU
	EndGlobalSection
	GlobalSection(ProjectConfigurationPlatforms) = postSolution
		{C54D0345-8347-4C0F-868E-3F1B7D89B8FA}.Debug|Any CPU.ActiveCfg = Debug|Any CPU
		{C54D0345-8347-4C0F-868E-3F1B7D89B8FA}.Debug|Any CPU.Build.0 = Debug|Any CPU
		{C54D0345-8347-4C0F-868E-3F1B7D89B8FA}.Release|Any CPU.ActiveCfg = Release|Any CPU
		{C54D0345-8347-4C0F-868E-3F1B7D89B8FA}.Release|Any CPU.Build.0 = Release|Any CPU
		{C3A6E0A2-2D5E-4204-BF02-1FBD5D6658CB}.Debug|Any CPU.ActiveCfg = Debug|Any CPU
		{C3A6E0A2-2D5E-4204-BF02-1FBD5D6658CB}.Debug|Any CPU.Build.0 = Debug|Any CPU
		{C3A6E0A2-2D5E-4204-BF02-1FBD5D6658CB}.Release|Any CPU.ActiveCfg = Release|Any CPU
		{C3A6E0A2-2D5E-4204-BF02-1FBD5D6658CB}.Release|Any CPU.Build.0 = Release|Any CPU
		{32CF0F31-5475-4B00-BAFA-12C3E3174FD0}.Debug|Any CPU.ActiveCfg = Debug|Any CPU
		{32CF0F31-5475-4B00-BAFA-12C3E3174FD0}.Debug|Any CPU.Build.0 = Debug|Any CPU
		{32CF0F31-5475-4B00-BAFA-12C3E3174FD0}.Release|Any CPU.ActiveCfg = Release|Any CPU
		{32CF0F31-5475-4B00-BAFA-12C3E3174FD0}.Release|Any CPU.Build.0 = Release|Any CPU
		{46365E16-DD8C-4799-96A2-026AF9223A8A}.Debug|Any CPU.ActiveCfg = Debug|Any CPU
		{46365E16-DD8C-4799-96A2-026AF9223A8A}.Debug|Any CPU.Build.0 = Debug|Any CPU
		{46365E16-DD8C-4799-96A2-026AF9223A8A}.Release|Any CPU.ActiveCfg = Release|Any CPU
		{46365E16-DD8C-4799-96A2-026AF9223A8A}.Release|Any CPU.Build.0 = Release|Any CPU
		{AED3A54B-ACD2-4316-9DBA-10B5A8F50E49}.Debug|Any CPU.ActiveCfg = Debug|Any CPU
		{AED3A54B-ACD2-4316-9DBA-10B5A8F50E49}.Debug|Any CPU.Build.0 = Debug|Any CPU
		{AED3A54B-ACD2-4316-9DBA-10B5A8F50E49}.Release|Any CPU.ActiveCfg = Release|Any CPU
		{AED3A54B-ACD2-4316-9DBA-10B5A8F50E49}.Release|Any CPU.Build.0 = Release|Any CPU
		{8EC56918-830E-434F-B0BE-B24C0AEF1555}.Debug|Any CPU.ActiveCfg = Debug|Any CPU
		{8EC56918-830E-434F-B0BE-B24C0AEF1555}.Debug|Any CPU.Build.0 = Debug|Any CPU
		{8EC56918-830E-434F-B0BE-B24C0AEF1555}.Release|Any CPU.ActiveCfg = Release|Any CPU
		{8EC56918-830E-434F-B0BE-B24C0AEF1555}.Release|Any CPU.Build.0 = Release|Any CPU
		{87725467-AAAC-4C9B-819F-8BB8B926452F}.Debug|Any CPU.ActiveCfg = Debug|Any CPU
		{87725467-AAAC-4C9B-819F-8BB8B926452F}.Debug|Any CPU.Build.0 = Debug|Any CPU
		{87725467-AAAC-4C9B-819F-8BB8B926452F}.Release|Any CPU.ActiveCfg = Release|Any CPU
		{87725467-AAAC-4C9B-819F-8BB8B926452F}.Release|Any CPU.Build.0 = Release|Any CPU
		{DFC0EFF0-3F69-4C1F-9794-7CE3D7F2600C}.Debug|Any CPU.ActiveCfg = Debug|Any CPU
		{DFC0EFF0-3F69-4C1F-9794-7CE3D7F2600C}.Debug|Any CPU.Build.0 = Debug|Any CPU
		{DFC0EFF0-3F69-4C1F-9794-7CE3D7F2600C}.Release|Any CPU.ActiveCfg = Release|Any CPU
		{DFC0EFF0-3F69-4C1F-9794-7CE3D7F2600C}.Release|Any CPU.Build.0 = Release|Any CPU
		{55981B15-84EE-45EC-9B7C-9512A4785544}.Debug|Any CPU.ActiveCfg = Debug|Any CPU
		{55981B15-84EE-45EC-9B7C-9512A4785544}.Debug|Any CPU.Build.0 = Debug|Any CPU
		{55981B15-84EE-45EC-9B7C-9512A4785544}.Release|Any CPU.ActiveCfg = Release|Any CPU
		{55981B15-84EE-45EC-9B7C-9512A4785544}.Release|Any CPU.Build.0 = Release|Any CPU
		{24FCE9A2-4826-4FE8-8525-4AE62A34D622}.Debug|Any CPU.ActiveCfg = Debug|Any CPU
		{24FCE9A2-4826-4FE8-8525-4AE62A34D622}.Debug|Any CPU.Build.0 = Debug|Any CPU
		{24FCE9A2-4826-4FE8-8525-4AE62A34D622}.Release|Any CPU.ActiveCfg = Release|Any CPU
		{24FCE9A2-4826-4FE8-8525-4AE62A34D622}.Release|Any CPU.Build.0 = Release|Any CPU
		{0349FC33-4735-4B0A-88A4-945526676A7B}.Debug|Any CPU.ActiveCfg = Debug|Any CPU
		{0349FC33-4735-4B0A-88A4-945526676A7B}.Debug|Any CPU.Build.0 = Debug|Any CPU
		{0349FC33-4735-4B0A-88A4-945526676A7B}.Release|Any CPU.ActiveCfg = Release|Any CPU
		{0349FC33-4735-4B0A-88A4-945526676A7B}.Release|Any CPU.Build.0 = Release|Any CPU
		{A5F652CE-385E-4454-AF04-A82D6E511255}.Debug|Any CPU.ActiveCfg = Debug|Any CPU
		{A5F652CE-385E-4454-AF04-A82D6E511255}.Debug|Any CPU.Build.0 = Debug|Any CPU
		{A5F652CE-385E-4454-AF04-A82D6E511255}.Release|Any CPU.ActiveCfg = Release|Any CPU
		{A5F652CE-385E-4454-AF04-A82D6E511255}.Release|Any CPU.Build.0 = Release|Any CPU
	EndGlobalSection
	GlobalSection(SolutionProperties) = preSolution
		HideSolutionNode = FALSE
	EndGlobalSection
	GlobalSection(NestedProjects) = preSolution
		{C54D0345-8347-4C0F-868E-3F1B7D89B8FA} = {B4B5C395-04C2-41F1-BDE7-AD6898BF1B4F}
		{C3A6E0A2-2D5E-4204-BF02-1FBD5D6658CB} = {DE9F4ECE-5977-4682-88C6-1FEF28EC6EF8}
		{32CF0F31-5475-4B00-BAFA-12C3E3174FD0} = {C1CAD481-CF2F-4BEC-B8F8-B453B9A7CFFB}
		{46365E16-DD8C-4799-96A2-026AF9223A8A} = {45FB9259-0362-49CB-BC16-8D9A8562AE4B}
		{AED3A54B-ACD2-4316-9DBA-10B5A8F50E49} = {45FB9259-0362-49CB-BC16-8D9A8562AE4B}
		{8EC56918-830E-434F-B0BE-B24C0AEF1555} = {45FB9259-0362-49CB-BC16-8D9A8562AE4B}
		{807FB058-C41D-4C72-A0FA-195DEE989709} = {C1CAD481-CF2F-4BEC-B8F8-B453B9A7CFFB}
		{87725467-AAAC-4C9B-819F-8BB8B926452F} = {807FB058-C41D-4C72-A0FA-195DEE989709}
		{DFC0EFF0-3F69-4C1F-9794-7CE3D7F2600C} = {807FB058-C41D-4C72-A0FA-195DEE989709}
		{55981B15-84EE-45EC-9B7C-9512A4785544} = {807FB058-C41D-4C72-A0FA-195DEE989709}
		{24FCE9A2-4826-4FE8-8525-4AE62A34D622} = {807FB058-C41D-4C72-A0FA-195DEE989709}
		{0349FC33-4735-4B0A-88A4-945526676A7B} = {C1CAD481-CF2F-4BEC-B8F8-B453B9A7CFFB}
		{A5F652CE-385E-4454-AF04-A82D6E511255} = {45FB9259-0362-49CB-BC16-8D9A8562AE4B}
	EndGlobalSection
	GlobalSection(ExtensibilityGlobals) = postSolution
		SolutionGuid = {E8BF1AF7-AD5B-4C7F-A1F6-8C6FA17ADCC6}
	EndGlobalSection
EndGlobal
